{
  "name": "blockchain-developer-bootcamp-final-project",
  "lockfileVersion": 2,
  "requires": true,
  "packages": {
    "": {
      "dependencies": {
        "@openzeppelin/contracts": "^4.3.3",
        "dotenv": "^10.0.0",
        "yarn": "^1.22.15"
      }
    },
    "node_modules/@openzeppelin/contracts": {
      "version": "4.4.1",
      "resolved": "https://registry.npmjs.org/@openzeppelin/contracts/-/contracts-4.4.1.tgz",
      "integrity": "sha512-o+pHCf/yMLSlV5MkDQEzEQL402i6SoRnktru+0rdSxVEFZcTzzGhZCAtZjUFyKGazMSv1TilzMg+RbED1N8XHQ=="
    },
    "node_modules/dotenv": {
      "version": "10.0.0",
      "resolved": "https://registry.npmjs.org/dotenv/-/dotenv-10.0.0.tgz",
      "integrity": "sha512-rlBi9d8jpv9Sf1klPjNfFAuWDjKLwTIJJ/VxtoTwIR6hnZxcEOQCZg2oIL3MWBYw5GpUDKOEnND7LXTbIpQ03Q==",
      "engines": {
        "node": ">=10"
      }
    },
    "node_modules/yarn": {
      "version": "1.22.15",
      "resolved": "https://registry.npmjs.org/yarn/-/yarn-1.22.15.tgz",
      "integrity": "sha512-AzoEDxj256BOS/jqDXA3pjyhmi4FRBBUMgYoTHI4EIt2EhREkvH0soPVEtnD+DQIJfU5R9bKhcZ1H9l8zPWeoA==",
      "hasInstallScript": true,
      "bin": {
        "yarn": "bin/yarn.js",
        "yarnpkg": "bin/yarn.js"
      },
      "engines": {
        "node": ">=4.0.0"
      }
    }
  },
  "dependencies": {
    "@openzeppelin/contracts": {
      "version": "4.4.1",
      "resolved": "https://registry.npmjs.org/@openzeppelin/contracts/-/contracts-4.4.1.tgz",
      "integrity": "sha512-o+pHCf/yMLSlV5MkDQEzEQL402i6SoRnktru+0rdSxVEFZcTzzGhZCAtZjUFyKGazMSv1TilzMg+RbED1N8XHQ=="
    },
    "dotenv": {
      "version": "10.0.0",
      "resolved": "https://registry.npmjs.org/dotenv/-/dotenv-10.0.0.tgz",
      "integrity": "sha512-rlBi9d8jpv9Sf1klPjNfFAuWDjKLwTIJJ/VxtoTwIR6hnZxcEOQCZg2oIL3MWBYw5GpUDKOEnND7LXTbIpQ03Q=="
    },
    "yarn": {
      "version": "1.22.15",
      "resolved": "https://registry.npmjs.org/yarn/-/yarn-1.22.15.tgz",
      "integrity": "sha512-AzoEDxj256BOS/jqDXA3pjyhmi4FRBBUMgYoTHI4EIt2EhREkvH0soPVEtnD+DQIJfU5R9bKhcZ1H9l8zPWeoA=="
    }
  }
}
